
Microsoft Visual Studio Solution File, Format Version 12.00
# Visual Studio Version 17
VisualStudioVersion = 17.5.002.0
MinimumVisualStudioVersion = 10.0.40219.1
Project("{9A19103F-16F7-4668-BE54-9A1E7A4F7556}") = "LOX", "LOX.csproj", "{4B5CFB2F-22B9-4C7E-883C-F9AE9751D44D}"
EndProject
Global
	GlobalSection(SolutionConfigurationPlatforms) = preSolution
		Debug|Any CPU = Debug|Any CPU
		Release|Any CPU = Release|Any CPU
	EndGlobalSection
	GlobalSection(ProjectConfigurationPlatforms) = postSolution
		{4B5CFB2F-22B9-4C7E-883C-F9AE9751D44D}.Debug|Any CPU.ActiveCfg = Debug|Any CPU
		{4B5CFB2F-22B9-4C7E-883C-F9AE9751D44D}.Debug|Any CPU.Build.0 = Debug|Any CPU
		{4B5CFB2F-22B9-4C7E-883C-F9AE9751D44D}.Release|Any CPU.ActiveCfg = Release|Any CPU
		{4B5CFB2F-22B9-4C7E-883C-F9AE9751D44D}.Release|Any CPU.Build.0 = Release|Any CPU
	EndGlobalSection
	GlobalSection(SolutionProperties) = preSolution
		HideSolutionNode = FALSE
	EndGlobalSection
	GlobalSection(ExtensibilityGlobals) = postSolution
		SolutionGuid = {6F641EA4-9132-42F7-800F-7D7792D539F8}
	EndGlobalSection
EndGlobal
